// !$*UTF8*$!
{
	archiveVersion = 1;
	classes = {
	};
	objectVersion = 50;
	objects = {

/* Begin PBXBuildFile section */
		4C1DD92320FE1CB50030529B /* TSPData.swift in Sources */ = {isa = PBXBuildFile; fileRef = 4C1DD92220FE1CB50030529B /* TSPData.swift */; };
		4C1DD92420FE1DBC0030529B /* TSPData.swift in Sources */ = {isa = PBXBuildFile; fileRef = 4C1DD92220FE1CB50030529B /* TSPData.swift */; };
		4CA5E4E1213157390004CADF /* TSPPerfTests.swift in Sources */ = {isa = PBXBuildFile; fileRef = 4CA5E4E0213157390004CADF /* TSPPerfTests.swift */; };
		4CA5E4E8213157B60004CADF /* Route.swift in Sources */ = {isa = PBXBuildFile; fileRef = 4CECB9EE20E2A3D70014DF67 /* Route.swift */; };
		4CA5E4E9213157B80004CADF /* Opt2.swift in Sources */ = {isa = PBXBuildFile; fileRef = 4CECB9E920E2A3D60014DF67 /* Opt2.swift */; };
		4CA5E4EA213157BB0004CADF /* RouteExporter.swift in Sources */ = {isa = PBXBuildFile; fileRef = 4CECB9ED20E2A3D70014DF67 /* RouteExporter.swift */; };
		4CA5E4EB213157BD0004CADF /* Point.swift in Sources */ = {isa = PBXBuildFile; fileRef = 4CECB9EA20E2A3D60014DF67 /* Point.swift */; };
		4CA5E4EC213157C00004CADF /* Utils.swift in Sources */ = {isa = PBXBuildFile; fileRef = 4CECB9E820E2A3D60014DF67 /* Utils.swift */; };
		4CA5E4ED213157C20004CADF /* TSPData.swift in Sources */ = {isa = PBXBuildFile; fileRef = 4C1DD92220FE1CB50030529B /* TSPData.swift */; };
		4CA5E4EE213157C50004CADF /* Zimbabwe.swift in Sources */ = {isa = PBXBuildFile; fileRef = 4CECB9E020E2A2480014DF67 /* Zimbabwe.swift */; };
		4CAC010420E187F300656825 /* AppDelegate.swift in Sources */ = {isa = PBXBuildFile; fileRef = 4CAC010320E187F300656825 /* AppDelegate.swift */; };
		4CAC010620E187F300656825 /* ViewController.swift in Sources */ = {isa = PBXBuildFile; fileRef = 4CAC010520E187F300656825 /* ViewController.swift */; };
		4CAC010820E187F800656825 /* Assets.xcassets in Resources */ = {isa = PBXBuildFile; fileRef = 4CAC010720E187F800656825 /* Assets.xcassets */; };
		4CAC010B20E187F800656825 /* Main.storyboard in Resources */ = {isa = PBXBuildFile; fileRef = 4CAC010920E187F800656825 /* Main.storyboard */; };
		4CAC013220E276F800656825 /* TSPMapView.swift in Sources */ = {isa = PBXBuildFile; fileRef = 4CAC013120E276F800656825 /* TSPMapView.swift */; };
		4CBB368120EABB73000E71E3 /* mona-lisa.txt in Resources */ = {isa = PBXBuildFile; fileRef = 4CBB368020EABB73000E71E3 /* mona-lisa.txt */; };
		4CBB368220EABB73000E71E3 /* mona-lisa.txt in Resources */ = {isa = PBXBuildFile; fileRef = 4CBB368020EABB73000E71E3 /* mona-lisa.txt */; };
		4CD92D4420F00DA7009BAA8D /* TSPInfoView.swift in Sources */ = {isa = PBXBuildFile; fileRef = 4CD92D4320F00DA7009BAA8D /* TSPInfoView.swift */; };
		4CDF2CD820EAB85B006C645E /* italy.txt in Resources */ = {isa = PBXBuildFile; fileRef = 4CDF2CD720EAB85B006C645E /* italy.txt */; };
		4CDF2CD920EAB85B006C645E /* italy.txt in Resources */ = {isa = PBXBuildFile; fileRef = 4CDF2CD720EAB85B006C645E /* italy.txt */; };
		4CECB9D620E2A17C0014DF67 /* TSPTests.swift in Sources */ = {isa = PBXBuildFile; fileRef = 4CECB9D520E2A17C0014DF67 /* TSPTests.swift */; };
		4CECB9E120E2A2480014DF67 /* sweden.txt in Resources */ = {isa = PBXBuildFile; fileRef = 4CECB9DF20E2A2480014DF67 /* sweden.txt */; };
		4CECB9E220E2A2480014DF67 /* Zimbabwe.swift in Sources */ = {isa = PBXBuildFile; fileRef = 4CECB9E020E2A2480014DF67 /* Zimbabwe.swift */; };
		4CECB9E320E2A2570014DF67 /* Zimbabwe.swift in Sources */ = {isa = PBXBuildFile; fileRef = 4CECB9E020E2A2480014DF67 /* Zimbabwe.swift */; };
		4CECB9E420E2A25A0014DF67 /* sweden.txt in Resources */ = {isa = PBXBuildFile; fileRef = 4CECB9DF20E2A2480014DF67 /* sweden.txt */; };
		4CECB9F220E2A3FB0014DF67 /* Opt2.swift in Sources */ = {isa = PBXBuildFile; fileRef = 4CECB9E920E2A3D60014DF67 /* Opt2.swift */; };
		4CECB9F320E2A3FB0014DF67 /* Opt2.swift in Sources */ = {isa = PBXBuildFile; fileRef = 4CECB9E920E2A3D60014DF67 /* Opt2.swift */; };
		4CECB9F420E2A4100014DF67 /* Point.swift in Sources */ = {isa = PBXBuildFile; fileRef = 4CECB9EA20E2A3D60014DF67 /* Point.swift */; };
		4CECB9F520E2A4110014DF67 /* Point.swift in Sources */ = {isa = PBXBuildFile; fileRef = 4CECB9EA20E2A3D60014DF67 /* Point.swift */; };
		4CECB9F820E2A4150014DF67 /* Route.swift in Sources */ = {isa = PBXBuildFile; fileRef = 4CECB9EE20E2A3D70014DF67 /* Route.swift */; };
		4CECB9F920E2A4160014DF67 /* Route.swift in Sources */ = {isa = PBXBuildFile; fileRef = 4CECB9EE20E2A3D70014DF67 /* Route.swift */; };
		4CECB9FA20E2A4180014DF67 /* RouteExporter.swift in Sources */ = {isa = PBXBuildFile; fileRef = 4CECB9ED20E2A3D70014DF67 /* RouteExporter.swift */; };
		4CECB9FB20E2A4180014DF67 /* RouteExporter.swift in Sources */ = {isa = PBXBuildFile; fileRef = 4CECB9ED20E2A3D70014DF67 /* RouteExporter.swift */; };
		4CECB9FC20E2A41B0014DF67 /* Utils.swift in Sources */ = {isa = PBXBuildFile; fileRef = 4CECB9E820E2A3D60014DF67 /* Utils.swift */; };
		4CECB9FD20E2A41B0014DF67 /* Utils.swift in Sources */ = {isa = PBXBuildFile; fileRef = 4CECB9E820E2A3D60014DF67 /* Utils.swift */; };
/* End PBXBuildFile section */

/* Begin PBXContainerItemProxy section */
		4CA5E4D821313DDC0004CADF /* PBXContainerItemProxy */ = {
			isa = PBXContainerItemProxy;
			containerPortal = 4CAC00F820E187F300656825 /* Project object */;
			proxyType = 1;
			remoteGlobalIDString = 4CAC00FF20E187F300656825;
			remoteInfo = TSP;
		};
		4CA5E4E3213157390004CADF /* PBXContainerItemProxy */ = {
			isa = PBXContainerItemProxy;
			containerPortal = 4CAC00F820E187F300656825 /* Project object */;
			proxyType = 1;
			remoteGlobalIDString = 4CAC00FF20E187F300656825;
			remoteInfo = TSP;
		};
/* End PBXContainerItemProxy section */

/* Begin PBXFileReference section */
		4C1DD92220FE1CB50030529B /* TSPData.swift */ = {isa = PBXFileReference; lastKnownFileType = sourcecode.swift; path = TSPData.swift; sourceTree = "<group>"; };
		4CA5E4DE213157390004CADF /* TSPPerfTests.xctest */ = {isa = PBXFileReference; explicitFileType = wrapper.cfbundle; includeInIndex = 0; path = TSPPerfTests.xctest; sourceTree = BUILT_PRODUCTS_DIR; };
		4CA5E4E0213157390004CADF /* TSPPerfTests.swift */ = {isa = PBXFileReference; lastKnownFileType = sourcecode.swift; path = TSPPerfTests.swift; sourceTree = "<group>"; };
		4CA5E4E2213157390004CADF /* Info.plist */ = {isa = PBXFileReference; lastKnownFileType = text.plist.xml; path = Info.plist; sourceTree = "<group>"; };
		4CAC010020E187F300656825 /* TSP.app */ = {isa = PBXFileReference; explicitFileType = wrapper.application; includeInIndex = 0; path = TSP.app; sourceTree = BUILT_PRODUCTS_DIR; };
		4CAC010320E187F300656825 /* AppDelegate.swift */ = {isa = PBXFileReference; lastKnownFileType = sourcecode.swift; path = AppDelegate.swift; sourceTree = "<group>"; };
		4CAC010520E187F300656825 /* ViewController.swift */ = {isa = PBXFileReference; lastKnownFileType = sourcecode.swift; path = ViewController.swift; sourceTree = "<group>"; };
		4CAC010720E187F800656825 /* Assets.xcassets */ = {isa = PBXFileReference; lastKnownFileType = folder.assetcatalog; path = Assets.xcassets; sourceTree = "<group>"; };
		4CAC010A20E187F800656825 /* Base */ = {isa = PBXFileReference; lastKnownFileType = file.storyboard; name = Base; path = Base.lproj/Main.storyboard; sourceTree = "<group>"; };
		4CAC010C20E187F800656825 /* Info.plist */ = {isa = PBXFileReference; lastKnownFileType = text.plist.xml; path = Info.plist; sourceTree = "<group>"; };
		4CAC010D20E187F800656825 /* Draw.entitlements */ = {isa = PBXFileReference; lastKnownFileType = text.plist.entitlements; path = Draw.entitlements; sourceTree = "<group>"; };
		4CAC011220E187F800656825 /* TSPTests.xctest */ = {isa = PBXFileReference; explicitFileType = wrapper.cfbundle; includeInIndex = 0; path = TSPTests.xctest; sourceTree = BUILT_PRODUCTS_DIR; };
		4CAC011820E187F800656825 /* Info.plist */ = {isa = PBXFileReference; lastKnownFileType = text.plist.xml; path = Info.plist; sourceTree = "<group>"; };
		4CAC013120E276F800656825 /* TSPMapView.swift */ = {isa = PBXFileReference; lastKnownFileType = sourcecode.swift; path = TSPMapView.swift; sourceTree = "<group>"; };
		4CBB368020EABB73000E71E3 /* mona-lisa.txt */ = {isa = PBXFileReference; fileEncoding = 4; lastKnownFileType = text; path = "mona-lisa.txt"; sourceTree = "<group>"; };
		4CD92D4320F00DA7009BAA8D /* TSPInfoView.swift */ = {isa = PBXFileReference; lastKnownFileType = sourcecode.swift; path = TSPInfoView.swift; sourceTree = "<group>"; };
		4CDF2CD720EAB85B006C645E /* italy.txt */ = {isa = PBXFileReference; lastKnownFileType = text; path = italy.txt; sourceTree = "<group>"; };
		4CECB9D520E2A17C0014DF67 /* TSPTests.swift */ = {isa = PBXFileReference; lastKnownFileType = sourcecode.swift; path = TSPTests.swift; sourceTree = "<group>"; };
		4CECB9DF20E2A2480014DF67 /* sweden.txt */ = {isa = PBXFileReference; fileEncoding = 4; lastKnownFileType = text; path = sweden.txt; sourceTree = "<group>"; };
		4CECB9E020E2A2480014DF67 /* Zimbabwe.swift */ = {isa = PBXFileReference; fileEncoding = 4; lastKnownFileType = sourcecode.swift; path = Zimbabwe.swift; sourceTree = "<group>"; };
		4CECB9E820E2A3D60014DF67 /* Utils.swift */ = {isa = PBXFileReference; lastKnownFileType = sourcecode.swift; path = Utils.swift; sourceTree = "<group>"; };
		4CECB9E920E2A3D60014DF67 /* Opt2.swift */ = {isa = PBXFileReference; lastKnownFileType = sourcecode.swift; path = Opt2.swift; sourceTree = "<group>"; };
		4CECB9EA20E2A3D60014DF67 /* Point.swift */ = {isa = PBXFileReference; lastKnownFileType = sourcecode.swift; path = Point.swift; sourceTree = "<group>"; };
		4CECB9ED20E2A3D70014DF67 /* RouteExporter.swift */ = {isa = PBXFileReference; lastKnownFileType = sourcecode.swift; path = RouteExporter.swift; sourceTree = "<group>"; };
		4CECB9EE20E2A3D70014DF67 /* Route.swift */ = {isa = PBXFileReference; lastKnownFileType = sourcecode.swift; path = Route.swift; sourceTree = "<group>"; };
/* End PBXFileReference section */

/* Begin PBXFrameworksBuildPhase section */
		4CA5E4DB213157390004CADF /* Frameworks */ = {
			isa = PBXFrameworksBuildPhase;
			buildActionMask = 2147483647;
			files = (
			);
			runOnlyForDeploymentPostprocessing = 0;
		};
		4CAC00FD20E187F300656825 /* Frameworks */ = {
			isa = PBXFrameworksBuildPhase;
			buildActionMask = 2147483647;
			files = (
			);
			runOnlyForDeploymentPostprocessing = 0;
		};
		4CAC010F20E187F800656825 /* Frameworks */ = {
			isa = PBXFrameworksBuildPhase;
			buildActionMask = 2147483647;
			files = (
			);
			runOnlyForDeploymentPostprocessing = 0;
		};
/* End PBXFrameworksBuildPhase section */

/* Begin PBXGroup section */
		4CA5E4DF213157390004CADF /* PerfTests */ = {
			isa = PBXGroup;
			children = (
				4CA5E4E0213157390004CADF /* TSPPerfTests.swift */,
				4CA5E4E2213157390004CADF /* Info.plist */,
			);
			path = PerfTests;
			sourceTree = "<group>";
		};
		4CAC00F720E187F300656825 = {
			isa = PBXGroup;
			children = (
				4CAC010220E187F300656825 /* App */,
				4CECB9E720E2A3CE0014DF67 /* TSP */,
				4CECB9DE20E2A2350014DF67 /* Data */,
				4CAC011520E187F800656825 /* Tests */,
				4CA5E4DF213157390004CADF /* PerfTests */,
				4CAC010120E187F300656825 /* Products */,
			);
			sourceTree = "<group>";
		};
		4CAC010120E187F300656825 /* Products */ = {
			isa = PBXGroup;
			children = (
				4CAC010020E187F300656825 /* TSP.app */,
				4CAC011220E187F800656825 /* TSPTests.xctest */,
				4CA5E4DE213157390004CADF /* TSPPerfTests.xctest */,
			);
			name = Products;
			sourceTree = "<group>";
		};
		4CAC010220E187F300656825 /* App */ = {
			isa = PBXGroup;
			children = (
				4CAC010320E187F300656825 /* AppDelegate.swift */,
				4CAC010520E187F300656825 /* ViewController.swift */,
				4CAC013120E276F800656825 /* TSPMapView.swift */,
				4CD92D4320F00DA7009BAA8D /* TSPInfoView.swift */,
				4CAC010720E187F800656825 /* Assets.xcassets */,
				4CAC010920E187F800656825 /* Main.storyboard */,
				4CAC010C20E187F800656825 /* Info.plist */,
				4CAC010D20E187F800656825 /* Draw.entitlements */,
			);
			path = App;
			sourceTree = "<group>";
		};
		4CAC011520E187F800656825 /* Tests */ = {
			isa = PBXGroup;
			children = (
				4CAC011820E187F800656825 /* Info.plist */,
				4CECB9D520E2A17C0014DF67 /* TSPTests.swift */,
			);
			path = Tests;
			sourceTree = "<group>";
		};
		4CECB9DE20E2A2350014DF67 /* Data */ = {
			isa = PBXGroup;
			children = (
				4C1DD92220FE1CB50030529B /* TSPData.swift */,
				4CECB9E020E2A2480014DF67 /* Zimbabwe.swift */,
				4CECB9DF20E2A2480014DF67 /* sweden.txt */,
				4CDF2CD720EAB85B006C645E /* italy.txt */,
				4CBB368020EABB73000E71E3 /* mona-lisa.txt */,
			);
			path = Data;
			sourceTree = "<group>";
		};
		4CECB9E720E2A3CE0014DF67 /* TSP */ = {
			isa = PBXGroup;
			children = (
				4CECB9EE20E2A3D70014DF67 /* Route.swift */,
				4CECB9E920E2A3D60014DF67 /* Opt2.swift */,
				4CECB9ED20E2A3D70014DF67 /* RouteExporter.swift */,
				4CECB9EA20E2A3D60014DF67 /* Point.swift */,
				4CECB9E820E2A3D60014DF67 /* Utils.swift */,
			);
			path = TSP;
			sourceTree = "<group>";
		};
/* End PBXGroup section */

/* Begin PBXNativeTarget section */
		4CA5E4DD213157390004CADF /* TSPPerfTests */ = {
			isa = PBXNativeTarget;
			buildConfigurationList = 4CA5E4E5213157390004CADF /* Build configuration list for PBXNativeTarget "TSPPerfTests" */;
			buildPhases = (
				4CA5E4DA213157390004CADF /* Sources */,
				4CA5E4DB213157390004CADF /* Frameworks */,
				4CA5E4DC213157390004CADF /* Resources */,
			);
			buildRules = (
			);
			dependencies = (
				4CA5E4E4213157390004CADF /* PBXTargetDependency */,
			);
			name = TSPPerfTests;
			productName = TSPPerfTests;
			productReference = 4CA5E4DE213157390004CADF /* TSPPerfTests.xctest */;
			productType = "com.apple.product-type.bundle.unit-test";
		};
		4CAC00FF20E187F300656825 /* TSP */ = {
			isa = PBXNativeTarget;
			buildConfigurationList = 4CAC012620E187F800656825 /* Build configuration list for PBXNativeTarget "TSP" */;
			buildPhases = (
				4CAC00FC20E187F300656825 /* Sources */,
				4CAC00FD20E187F300656825 /* Frameworks */,
				4CAC00FE20E187F300656825 /* Resources */,
			);
			buildRules = (
			);
			dependencies = (
			);
			name = TSP;
			productName = Draw;
			productReference = 4CAC010020E187F300656825 /* TSP.app */;
			productType = "com.apple.product-type.application";
		};
		4CAC011120E187F800656825 /* TSPTests */ = {
			isa = PBXNativeTarget;
			buildConfigurationList = 4CAC012920E187F800656825 /* Build configuration list for PBXNativeTarget "TSPTests" */;
			buildPhases = (
				4CAC010E20E187F800656825 /* Sources */,
				4CAC010F20E187F800656825 /* Frameworks */,
				4CAC011020E187F800656825 /* Resources */,
			);
			buildRules = (
			);
			dependencies = (
				4CA5E4D921313DDC0004CADF /* PBXTargetDependency */,
			);
			name = TSPTests;
			productName = DrawTests;
			productReference = 4CAC011220E187F800656825 /* TSPTests.xctest */;
			productType = "com.apple.product-type.bundle.unit-test";
		};
/* End PBXNativeTarget section */

/* Begin PBXProject section */
		4CAC00F820E187F300656825 /* Project object */ = {
			isa = PBXProject;
			attributes = {
				LastSwiftUpdateCheck = 1000;
				LastUpgradeCheck = 1000;
				ORGANIZATIONNAME = "Michael Holmgren";
				TargetAttributes = {
					4CA5E4DD213157390004CADF = {
						CreatedOnToolsVersion = 10.0;
					};
					4CAC00FF20E187F300656825 = {
						CreatedOnToolsVersion = 10.0;
					};
					4CAC011120E187F800656825 = {
						CreatedOnToolsVersion = 10.0;
					};
				};
			};
			buildConfigurationList = 4CAC00FB20E187F300656825 /* Build configuration list for PBXProject "TSP" */;
			compatibilityVersion = "Xcode 9.3";
			developmentRegion = en;
			hasScannedForEncodings = 0;
			knownRegions = (
				en,
				Base,
			);
			mainGroup = 4CAC00F720E187F300656825;
			productRefGroup = 4CAC010120E187F300656825 /* Products */;
			projectDirPath = "";
			projectRoot = "";
			targets = (
				4CAC00FF20E187F300656825 /* TSP */,
				4CAC011120E187F800656825 /* TSPTests */,
				4CA5E4DD213157390004CADF /* TSPPerfTests */,
			);
		};
/* End PBXProject section */

/* Begin PBXResourcesBuildPhase section */
		4CA5E4DC213157390004CADF /* Resources */ = {
			isa = PBXResourcesBuildPhase;
			buildActionMask = 2147483647;
			files = (
			);
			runOnlyForDeploymentPostprocessing = 0;
		};
		4CAC00FE20E187F300656825 /* Resources */ = {
			isa = PBXResourcesBuildPhase;
			buildActionMask = 2147483647;
			files = (
				4CAC010820E187F800656825 /* Assets.xcassets in Resources */,
				4CBB368120EABB73000E71E3 /* mona-lisa.txt in Resources */,
				4CECB9E120E2A2480014DF67 /* sweden.txt in Resources */,
				4CDF2CD820EAB85B006C645E /* italy.txt in Resources */,
				4CAC010B20E187F800656825 /* Main.storyboard in Resources */,
			);
			runOnlyForDeploymentPostprocessing = 0;
		};
		4CAC011020E187F800656825 /* Resources */ = {
			isa = PBXResourcesBuildPhase;
			buildActionMask = 2147483647;
			files = (
				4CBB368220EABB73000E71E3 /* mona-lisa.txt in Resources */,
				4CDF2CD920EAB85B006C645E /* italy.txt in Resources */,
				4CECB9E420E2A25A0014DF67 /* sweden.txt in Resources */,
			);
			runOnlyForDeploymentPostprocessing = 0;
		};
/* End PBXResourcesBuildPhase section */

/* Begin PBXSourcesBuildPhase section */
		4CA5E4DA213157390004CADF /* Sources */ = {
			isa = PBXSourcesBuildPhase;
			buildActionMask = 2147483647;
			files = (
				4CA5E4ED213157C20004CADF /* TSPData.swift in Sources */,
				4CA5E4E1213157390004CADF /* TSPPerfTests.swift in Sources */,
				4CA5E4EE213157C50004CADF /* Zimbabwe.swift in Sources */,
				4CA5E4EB213157BD0004CADF /* Point.swift in Sources */,
				4CA5E4E9213157B80004CADF /* Opt2.swift in Sources */,
				4CA5E4EA213157BB0004CADF /* RouteExporter.swift in Sources */,
				4CA5E4E8213157B60004CADF /* Route.swift in Sources */,
				4CA5E4EC213157C00004CADF /* Utils.swift in Sources */,
			);
			runOnlyForDeploymentPostprocessing = 0;
		};
		4CAC00FC20E187F300656825 /* Sources */ = {
			isa = PBXSourcesBuildPhase;
			buildActionMask = 2147483647;
			files = (
				4CAC010620E187F300656825 /* ViewController.swift in Sources */,
				4CAC010420E187F300656825 /* AppDelegate.swift in Sources */,
				4CECB9F920E2A4160014DF67 /* Route.swift in Sources */,
				4CECB9F220E2A3FB0014DF67 /* Opt2.swift in Sources */,
				4CD92D4420F00DA7009BAA8D /* TSPInfoView.swift in Sources */,
				4CECB9FC20E2A41B0014DF67 /* Utils.swift in Sources */,
				4CAC013220E276F800656825 /* TSPMapView.swift in Sources */,
				4CECB9F520E2A4110014DF67 /* Point.swift in Sources */,
				4CECB9FA20E2A4180014DF67 /* RouteExporter.swift in Sources */,
				4C1DD92320FE1CB50030529B /* TSPData.swift in Sources */,
				4CECB9E220E2A2480014DF67 /* Zimbabwe.swift in Sources */,
			);
			runOnlyForDeploymentPostprocessing = 0;
		};
		4CAC010E20E187F800656825 /* Sources */ = {
			isa = PBXSourcesBuildPhase;
			buildActionMask = 2147483647;
			files = (
				4CECB9D620E2A17C0014DF67 /* TSPTests.swift in Sources */,
				4CECB9F420E2A4100014DF67 /* Point.swift in Sources */,
				4CECB9F320E2A3FB0014DF67 /* Opt2.swift in Sources */,
				4CECB9FD20E2A41B0014DF67 /* Utils.swift in Sources */,
				4CECB9F820E2A4150014DF67 /* Route.swift in Sources */,
				4CECB9FB20E2A4180014DF67 /* RouteExporter.swift in Sources */,
				4C1DD92420FE1DBC0030529B /* TSPData.swift in Sources */,
				4CECB9E320E2A2570014DF67 /* Zimbabwe.swift in Sources */,
			);
			runOnlyForDeploymentPostprocessing = 0;
		};
/* End PBXSourcesBuildPhase section */

/* Begin PBXTargetDependency section */
		4CA5E4D921313DDC0004CADF /* PBXTargetDependency */ = {
			isa = PBXTargetDependency;
			target = 4CAC00FF20E187F300656825 /* TSP */;
			targetProxy = 4CA5E4D821313DDC0004CADF /* PBXContainerItemProxy */;
		};
		4CA5E4E4213157390004CADF /* PBXTargetDependency */ = {
			isa = PBXTargetDependency;
			target = 4CAC00FF20E187F300656825 /* TSP */;
			targetProxy = 4CA5E4E3213157390004CADF /* PBXContainerItemProxy */;
		};
/* End PBXTargetDependency section */

/* Begin PBXVariantGroup section */
		4CAC010920E187F800656825 /* Main.storyboard */ = {
			isa = PBXVariantGroup;
			children = (
				4CAC010A20E187F800656825 /* Base */,
			);
			name = Main.storyboard;
			sourceTree = "<group>";
		};
/* End PBXVariantGroup section */

/* Begin XCBuildConfiguration section */
		4CA5E4E6213157390004CADF /* Debug */ = {
			isa = XCBuildConfiguration;
			buildSettings = {
				CODE_SIGN_STYLE = Automatic;
				COMBINE_HIDPI_IMAGES = YES;
				GCC_OPTIMIZATION_LEVEL = 0;
				INFOPLIST_FILE = PerfTests/Info.plist;
				LD_RUNPATH_SEARCH_PATHS = (
					"$(inherited)",
					"@executable_path/../Frameworks",
					"@loader_path/../Frameworks",
				);
				MTL_FAST_MATH = YES;
				PRODUCT_BUNDLE_IDENTIFIER = MH.TSPPerfTests;
				PRODUCT_NAME = "$(TARGET_NAME)";
				SWIFT_OPTIMIZATION_LEVEL = "-O";
				SWIFT_VERSION = 4.2;
			};
			name = Debug;
		};
		4CA5E4E7213157390004CADF /* Release */ = {
			isa = XCBuildConfiguration;
			buildSettings = {
				CODE_SIGN_STYLE = Automatic;
				COMBINE_HIDPI_IMAGES = YES;
				INFOPLIST_FILE = PerfTests/Info.plist;
				LD_RUNPATH_SEARCH_PATHS = (
					"$(inherited)",
					"@executable_path/../Frameworks",
					"@loader_path/../Frameworks",
				);
				MTL_FAST_MATH = YES;
				PRODUCT_BUNDLE_IDENTIFIER = MH.TSPPerfTests;
				PRODUCT_NAME = "$(TARGET_NAME)";
				SWIFT_VERSION = 4.2;
			};
			name = Release;
		};
		4CAC012420E187F800656825 /* Debug */ = {
			isa = XCBuildConfiguration;
			buildSettings = {
				ALWAYS_SEARCH_USER_PATHS = NO;
				CLANG_ANALYZER_NONNULL = YES;
				CLANG_ANALYZER_NUMBER_OBJECT_CONVERSION = YES_AGGRESSIVE;
				CLANG_CXX_LANGUAGE_STANDARD = "gnu++14";
				CLANG_CXX_LIBRARY = "libc++";
				CLANG_ENABLE_MODULES = YES;
				CLANG_ENABLE_OBJC_ARC = YES;
				CLANG_ENABLE_OBJC_WEAK = YES;
				CLANG_WARN_BLOCK_CAPTURE_AUTORELEASING = YES;
				CLANG_WARN_BOOL_CONVERSION = YES;
				CLANG_WARN_COMMA = YES;
				CLANG_WARN_CONSTANT_CONVERSION = YES;
				CLANG_WARN_DEPRECATED_OBJC_IMPLEMENTATIONS = YES;
				CLANG_WARN_DIRECT_OBJC_ISA_USAGE = YES_ERROR;
				CLANG_WARN_DOCUMENTATION_COMMENTS = YES;
				CLANG_WARN_EMPTY_BODY = YES;
				CLANG_WARN_ENUM_CONVERSION = YES;
				CLANG_WARN_INFINITE_RECURSION = YES;
				CLANG_WARN_INT_CONVERSION = YES;
				CLANG_WARN_NON_LITERAL_NULL_CONVERSION = YES;
				CLANG_WARN_OBJC_IMPLICIT_RETAIN_SELF = YES;
				CLANG_WARN_OBJC_LITERAL_CONVERSION = YES;
				CLANG_WARN_OBJC_ROOT_CLASS = YES_ERROR;
				CLANG_WARN_RANGE_LOOP_ANALYSIS = YES;
				CLANG_WARN_STRICT_PROTOTYPES = YES;
				CLANG_WARN_SUSPICIOUS_MOVE = YES;
				CLANG_WARN_UNGUARDED_AVAILABILITY = YES_AGGRESSIVE;
				CLANG_WARN_UNREACHABLE_CODE = YES;
				CLANG_WARN__DUPLICATE_METHOD_MATCH = YES;
				CODE_SIGN_IDENTITY = "-";
				COPY_PHASE_STRIP = NO;
				DEBUG_INFORMATION_FORMAT = dwarf;
				ENABLE_STRICT_OBJC_MSGSEND = YES;
				ENABLE_TESTABILITY = YES;
				GCC_C_LANGUAGE_STANDARD = gnu11;
				GCC_DYNAMIC_NO_PIC = NO;
				GCC_NO_COMMON_BLOCKS = YES;
				GCC_OPTIMIZATION_LEVEL = s;
				GCC_PREPROCESSOR_DEFINITIONS = (
					"DEBUG=1",
					"$(inherited)",
				);
				GCC_WARN_64_TO_32_BIT_CONVERSION = YES;
				GCC_WARN_ABOUT_RETURN_TYPE = YES_ERROR;
				GCC_WARN_UNDECLARED_SELECTOR = YES;
				GCC_WARN_UNINITIALIZED_AUTOS = YES_AGGRESSIVE;
				GCC_WARN_UNUSED_FUNCTION = YES;
				GCC_WARN_UNUSED_VARIABLE = YES;
				MACOSX_DEPLOYMENT_TARGET = 10.13;
				MTL_ENABLE_DEBUG_INFO = INCLUDE_SOURCE;
				ONLY_ACTIVE_ARCH = YES;
				SDKROOT = macosx;
				SWIFT_ACTIVE_COMPILATION_CONDITIONS = DEBUG;
				SWIFT_COMPILATION_MODE = wholemodule;
				SWIFT_OPTIMIZATION_LEVEL = "-O";
			};
			name = Debug;
		};
		4CAC012520E187F800656825 /* Release */ = {
			isa = XCBuildConfiguration;
			buildSettings = {
				ALWAYS_SEARCH_USER_PATHS = NO;
				CLANG_ANALYZER_NONNULL = YES;
				CLANG_ANALYZER_NUMBER_OBJECT_CONVERSION = YES_AGGRESSIVE;
				CLANG_CXX_LANGUAGE_STANDARD = "gnu++14";
				CLANG_CXX_LIBRARY = "libc++";
				CLANG_ENABLE_MODULES = YES;
				CLANG_ENABLE_OBJC_ARC = YES;
				CLANG_ENABLE_OBJC_WEAK = YES;
				CLANG_WARN_BLOCK_CAPTURE_AUTORELEASING = YES;
				CLANG_WARN_BOOL_CONVERSION = YES;
				CLANG_WARN_COMMA = YES;
				CLANG_WARN_CONSTANT_CONVERSION = YES;
				CLANG_WARN_DEPRECATED_OBJC_IMPLEMENTATIONS = YES;
				CLANG_WARN_DIRECT_OBJC_ISA_USAGE = YES_ERROR;
				CLANG_WARN_DOCUMENTATION_COMMENTS = YES;
				CLANG_WARN_EMPTY_BODY = YES;
				CLANG_WARN_ENUM_CONVERSION = YES;
				CLANG_WARN_INFINITE_RECURSION = YES;
				CLANG_WARN_INT_CONVERSION = YES;
				CLANG_WARN_NON_LITERAL_NULL_CONVERSION = YES;
				CLANG_WARN_OBJC_IMPLICIT_RETAIN_SELF = YES;
				CLANG_WARN_OBJC_LITERAL_CONVERSION = YES;
				CLANG_WARN_OBJC_ROOT_CLASS = YES_ERROR;
				CLANG_WARN_RANGE_LOOP_ANALYSIS = YES;
				CLANG_WARN_STRICT_PROTOTYPES = YES;
				CLANG_WARN_SUSPICIOUS_MOVE = YES;
				CLANG_WARN_UNGUARDED_AVAILABILITY = YES_AGGRESSIVE;
				CLANG_WARN_UNREACHABLE_CODE = YES;
				CLANG_WARN__DUPLICATE_METHOD_MATCH = YES;
				CODE_SIGN_IDENTITY = "-";
				COPY_PHASE_STRIP = NO;
				DEBUG_INFORMATION_FORMAT = "dwarf-with-dsym";
				ENABLE_NS_ASSERTIONS = NO;
				ENABLE_STRICT_OBJC_MSGSEND = YES;
				GCC_C_LANGUAGE_STANDARD = gnu11;
				GCC_NO_COMMON_BLOCKS = YES;
				GCC_WARN_64_TO_32_BIT_CONVERSION = YES;
				GCC_WARN_ABOUT_RETURN_TYPE = YES_ERROR;
				GCC_WARN_UNDECLARED_SELECTOR = YES;
				GCC_WARN_UNINITIALIZED_AUTOS = YES_AGGRESSIVE;
				GCC_WARN_UNUSED_FUNCTION = YES;
				GCC_WARN_UNUSED_VARIABLE = YES;
				MACOSX_DEPLOYMENT_TARGET = 10.13;
				MTL_ENABLE_DEBUG_INFO = NO;
				SDKROOT = macosx;
				SWIFT_COMPILATION_MODE = wholemodule;
				SWIFT_OPTIMIZATION_LEVEL = "-O";
			};
			name = Release;
		};
		4CAC012720E187F800656825 /* Debug */ = {
			isa = XCBuildConfiguration;
			buildSettings = {
				ASSETCATALOG_COMPILER_APPICON_NAME = AppIcon;
				CODE_SIGN_ENTITLEMENTS = TSP/App.entitlements;
				CODE_SIGN_STYLE = Automatic;
				COMBINE_HIDPI_IMAGES = YES;
				INFOPLIST_FILE = App/Info.plist;
				LD_RUNPATH_SEARCH_PATHS = (
					"$(inherited)",
					"@executable_path/../Frameworks",
				);
				PRODUCT_BUNDLE_IDENTIFIER = MH.TSP;
				PRODUCT_NAME = "$(TARGET_NAME)";
				SWIFT_VERSION = 4.2;
			};
			name = Debug;
		};
		4CAC012820E187F800656825 /* Release */ = {
			isa = XCBuildConfiguration;
			buildSettings = {
				ASSETCATALOG_COMPILER_APPICON_NAME = AppIcon;
				CODE_SIGN_ENTITLEMENTS = TSP/App.entitlements;
				CODE_SIGN_STYLE = Automatic;
				COMBINE_HIDPI_IMAGES = YES;
				INFOPLIST_FILE = App/Info.plist;
				LD_RUNPATH_SEARCH_PATHS = (
					"$(inherited)",
					"@executable_path/../Frameworks",
				);
				PRODUCT_BUNDLE_IDENTIFIER = MH.TSP;
				PRODUCT_NAME = "$(TARGET_NAME)";
				SWIFT_VERSION = 4.2;
			};
			name = Release;
		};
		4CAC012A20E187F800656825 /* Debug */ = {
			isa = XCBuildConfiguration;
			buildSettings = {
				ALWAYS_EMBED_SWIFT_STANDARD_LIBRARIES = YES;
				CODE_SIGN_STYLE = Automatic;
				COMBINE_HIDPI_IMAGES = YES;
				INFOPLIST_FILE = Tests/Info.plist;
				LD_RUNPATH_SEARCH_PATHS = (
					"$(inherited)",
					"@executable_path/../Frameworks",
					"@loader_path/../Frameworks",
				);
				PRODUCT_BUNDLE_IDENTIFIER = MH.TSPTests;
				PRODUCT_NAME = "$(TARGET_NAME)";
				SWIFT_COMPILATION_MODE = singlefile;
				SWIFT_OPTIMIZATION_LEVEL = "-Onone";
				SWIFT_VERSION = 4.2;
			};
			name = Debug;
		};
		4CAC012B20E187F800656825 /* Release */ = {
			isa = XCBuildConfiguration;
			buildSettings = {
				ALWAYS_EMBED_SWIFT_STANDARD_LIBRARIES = YES;
				CODE_SIGN_STYLE = Automatic;
				COMBINE_HIDPI_IMAGES = YES;
				INFOPLIST_FILE = Tests/Info.plist;
				LD_RUNPATH_SEARCH_PATHS = (
					"$(inherited)",
					"@executable_path/../Frameworks",
					"@loader_path/../Frameworks",
				);
				PRODUCT_BUNDLE_IDENTIFIER = MH.TSPTests;
				PRODUCT_NAME = "$(TARGET_NAME)";
				SWIFT_COMPILATION_MODE = singlefile;
				SWIFT_OPTIMIZATION_LEVEL = "-Onone";
				SWIFT_VERSION = 4.2;
			};
			name = Release;
		};
/* End XCBuildConfiguration section */

/* Begin XCConfigurationList section */
		4CA5E4E5213157390004CADF /* Build configuration list for PBXNativeTarget "TSPPerfTests" */ = {
			isa = XCConfigurationList;
			buildConfigurations = (
				4CA5E4E6213157390004CADF /* Debug */,
				4CA5E4E7213157390004CADF /* Release */,
			);
			defaultConfigurationIsVisible = 0;
			defaultConfigurationName = Release;
		};
		4CAC00FB20E187F300656825 /* Build configuration list for PBXProject "TSP" */ = {
			isa = XCConfigurationList;
			buildConfigurations = (
				4CAC012420E187F800656825 /* Debug */,
				4CAC012520E187F800656825 /* Release */,
			);
			defaultConfigurationIsVisible = 0;
			defaultConfigurationName = Release;
		};
		4CAC012620E187F800656825 /* Build configuration list for PBXNativeTarget "TSP" */ = {
			isa = XCConfigurationList;
			buildConfigurations = (
				4CAC012720E187F800656825 /* Debug */,
				4CAC012820E187F800656825 /* Release */,
			);
			defaultConfigurationIsVisible = 0;
			defaultConfigurationName = Release;
		};
		4CAC012920E187F800656825 /* Build configuration list for PBXNativeTarget "TSPTests" */ = {
			isa = XCConfigurationList;
			buildConfigurations = (
				4CAC012A20E187F800656825 /* Debug */,
				4CAC012B20E187F800656825 /* Release */,
			);
			defaultConfigurationIsVisible = 0;
			defaultConfigurationName = Release;
		};
/* End XCConfigurationList section */
	};
	rootObject = 4CAC00F820E187F300656825 /* Project object */;
}
