// !$*UTF8*$!
{
	archiveVersion = 1;
	classes = {
	};
	objectVersion = 50;
	objects = {

/* Begin PBXBuildFile section */
		4CAC010420E187F300656825 /* AppDelegate.swift in Sources */ = {isa = PBXBuildFile; fileRef = 4CAC010320E187F300656825 /* AppDelegate.swift */; };
		4CAC010620E187F300656825 /* ViewController.swift in Sources */ = {isa = PBXBuildFile; fileRef = 4CAC010520E187F300656825 /* ViewController.swift */; };
		4CAC010820E187F800656825 /* Assets.xcassets in Resources */ = {isa = PBXBuildFile; fileRef = 4CAC010720E187F800656825 /* Assets.xcassets */; };
		4CAC010B20E187F800656825 /* Main.storyboard in Resources */ = {isa = PBXBuildFile; fileRef = 4CAC010920E187F800656825 /* Main.storyboard */; };
		4CAC013220E276F800656825 /* DrawView.swift in Sources */ = {isa = PBXBuildFile; fileRef = 4CAC013120E276F800656825 /* DrawView.swift */; };
		4CECB9D620E2A17C0014DF67 /* TSPTests.swift in Sources */ = {isa = PBXBuildFile; fileRef = 4CECB9D520E2A17C0014DF67 /* TSPTests.swift */; };
		4CECB9E120E2A2480014DF67 /* sweden.txt in Resources */ = {isa = PBXBuildFile; fileRef = 4CECB9DF20E2A2480014DF67 /* sweden.txt */; };
		4CECB9E220E2A2480014DF67 /* Zimbabwe.swift in Sources */ = {isa = PBXBuildFile; fileRef = 4CECB9E020E2A2480014DF67 /* Zimbabwe.swift */; };
		4CECB9E320E2A2570014DF67 /* Zimbabwe.swift in Sources */ = {isa = PBXBuildFile; fileRef = 4CECB9E020E2A2480014DF67 /* Zimbabwe.swift */; };
		4CECB9E420E2A25A0014DF67 /* sweden.txt in Resources */ = {isa = PBXBuildFile; fileRef = 4CECB9DF20E2A2480014DF67 /* sweden.txt */; };
		4CECB9E620E2A3960014DF67 /* ZimbaweSubset.swift in Sources */ = {isa = PBXBuildFile; fileRef = 4CECB9E520E2A3960014DF67 /* ZimbaweSubset.swift */; };
		4CECB9EF20E2A3ED0014DF67 /* ZimbaweSubset.swift in Sources */ = {isa = PBXBuildFile; fileRef = 4CECB9E520E2A3960014DF67 /* ZimbaweSubset.swift */; };
		4CECB9F020E2A3F80014DF67 /* Line.swift in Sources */ = {isa = PBXBuildFile; fileRef = 4CECB9EB20E2A3D70014DF67 /* Line.swift */; };
		4CECB9F120E2A3F90014DF67 /* Line.swift in Sources */ = {isa = PBXBuildFile; fileRef = 4CECB9EB20E2A3D70014DF67 /* Line.swift */; };
		4CECB9F220E2A3FB0014DF67 /* Opt2.swift in Sources */ = {isa = PBXBuildFile; fileRef = 4CECB9E920E2A3D60014DF67 /* Opt2.swift */; };
		4CECB9F320E2A3FB0014DF67 /* Opt2.swift in Sources */ = {isa = PBXBuildFile; fileRef = 4CECB9E920E2A3D60014DF67 /* Opt2.swift */; };
		4CECB9F420E2A4100014DF67 /* Point.swift in Sources */ = {isa = PBXBuildFile; fileRef = 4CECB9EA20E2A3D60014DF67 /* Point.swift */; };
		4CECB9F520E2A4110014DF67 /* Point.swift in Sources */ = {isa = PBXBuildFile; fileRef = 4CECB9EA20E2A3D60014DF67 /* Point.swift */; };
		4CECB9F620E2A4130014DF67 /* ReadData.swift in Sources */ = {isa = PBXBuildFile; fileRef = 4CECB9EC20E2A3D70014DF67 /* ReadData.swift */; };
		4CECB9F720E2A4130014DF67 /* ReadData.swift in Sources */ = {isa = PBXBuildFile; fileRef = 4CECB9EC20E2A3D70014DF67 /* ReadData.swift */; };
		4CECB9F820E2A4150014DF67 /* Route.swift in Sources */ = {isa = PBXBuildFile; fileRef = 4CECB9EE20E2A3D70014DF67 /* Route.swift */; };
		4CECB9F920E2A4160014DF67 /* Route.swift in Sources */ = {isa = PBXBuildFile; fileRef = 4CECB9EE20E2A3D70014DF67 /* Route.swift */; };
		4CECB9FA20E2A4180014DF67 /* RouteExporter.swift in Sources */ = {isa = PBXBuildFile; fileRef = 4CECB9ED20E2A3D70014DF67 /* RouteExporter.swift */; };
		4CECB9FB20E2A4180014DF67 /* RouteExporter.swift in Sources */ = {isa = PBXBuildFile; fileRef = 4CECB9ED20E2A3D70014DF67 /* RouteExporter.swift */; };
		4CECB9FC20E2A41B0014DF67 /* Utils.swift in Sources */ = {isa = PBXBuildFile; fileRef = 4CECB9E820E2A3D60014DF67 /* Utils.swift */; };
		4CECB9FD20E2A41B0014DF67 /* Utils.swift in Sources */ = {isa = PBXBuildFile; fileRef = 4CECB9E820E2A3D60014DF67 /* Utils.swift */; };
/* End PBXBuildFile section */

/* Begin PBXContainerItemProxy section */
		4CAC011320E187F800656825 /* PBXContainerItemProxy */ = {
			isa = PBXContainerItemProxy;
			containerPortal = 4CAC00F820E187F300656825 /* Project object */;
			proxyType = 1;
			remoteGlobalIDString = 4CAC00FF20E187F300656825;
			remoteInfo = Draw;
		};
/* End PBXContainerItemProxy section */

/* Begin PBXFileReference section */
		4CAC010020E187F300656825 /* Draw.app */ = {isa = PBXFileReference; explicitFileType = wrapper.application; includeInIndex = 0; path = Draw.app; sourceTree = BUILT_PRODUCTS_DIR; };
		4CAC010320E187F300656825 /* AppDelegate.swift */ = {isa = PBXFileReference; lastKnownFileType = sourcecode.swift; path = AppDelegate.swift; sourceTree = "<group>"; };
		4CAC010520E187F300656825 /* ViewController.swift */ = {isa = PBXFileReference; lastKnownFileType = sourcecode.swift; path = ViewController.swift; sourceTree = "<group>"; };
		4CAC010720E187F800656825 /* Assets.xcassets */ = {isa = PBXFileReference; lastKnownFileType = folder.assetcatalog; path = Assets.xcassets; sourceTree = "<group>"; };
		4CAC010A20E187F800656825 /* Base */ = {isa = PBXFileReference; lastKnownFileType = file.storyboard; name = Base; path = Base.lproj/Main.storyboard; sourceTree = "<group>"; };
		4CAC010C20E187F800656825 /* Info.plist */ = {isa = PBXFileReference; lastKnownFileType = text.plist.xml; path = Info.plist; sourceTree = "<group>"; };
		4CAC010D20E187F800656825 /* Draw.entitlements */ = {isa = PBXFileReference; lastKnownFileType = text.plist.entitlements; path = Draw.entitlements; sourceTree = "<group>"; };
		4CAC011220E187F800656825 /* DrawTests.xctest */ = {isa = PBXFileReference; explicitFileType = wrapper.cfbundle; includeInIndex = 0; path = DrawTests.xctest; sourceTree = BUILT_PRODUCTS_DIR; };
		4CAC011820E187F800656825 /* Info.plist */ = {isa = PBXFileReference; lastKnownFileType = text.plist.xml; path = Info.plist; sourceTree = "<group>"; };
		4CAC013120E276F800656825 /* DrawView.swift */ = {isa = PBXFileReference; lastKnownFileType = sourcecode.swift; path = DrawView.swift; sourceTree = "<group>"; };
		4CECB9D520E2A17C0014DF67 /* TSPTests.swift */ = {isa = PBXFileReference; lastKnownFileType = sourcecode.swift; path = TSPTests.swift; sourceTree = "<group>"; };
		4CECB9DF20E2A2480014DF67 /* sweden.txt */ = {isa = PBXFileReference; fileEncoding = 4; lastKnownFileType = text; path = sweden.txt; sourceTree = "<group>"; };
		4CECB9E020E2A2480014DF67 /* Zimbabwe.swift */ = {isa = PBXFileReference; fileEncoding = 4; lastKnownFileType = sourcecode.swift; path = Zimbabwe.swift; sourceTree = "<group>"; };
		4CECB9E520E2A3960014DF67 /* ZimbaweSubset.swift */ = {isa = PBXFileReference; fileEncoding = 4; lastKnownFileType = sourcecode.swift; path = ZimbaweSubset.swift; sourceTree = "<group>"; };
		4CECB9E820E2A3D60014DF67 /* Utils.swift */ = {isa = PBXFileReference; lastKnownFileType = sourcecode.swift; path = Utils.swift; sourceTree = "<group>"; };
		4CECB9E920E2A3D60014DF67 /* Opt2.swift */ = {isa = PBXFileReference; lastKnownFileType = sourcecode.swift; path = Opt2.swift; sourceTree = "<group>"; };
		4CECB9EA20E2A3D60014DF67 /* Point.swift */ = {isa = PBXFileReference; lastKnownFileType = sourcecode.swift; path = Point.swift; sourceTree = "<group>"; };
		4CECB9EB20E2A3D70014DF67 /* Line.swift */ = {isa = PBXFileReference; lastKnownFileType = sourcecode.swift; path = Line.swift; sourceTree = "<group>"; };
		4CECB9EC20E2A3D70014DF67 /* ReadData.swift */ = {isa = PBXFileReference; lastKnownFileType = sourcecode.swift; path = ReadData.swift; sourceTree = "<group>"; };
		4CECB9ED20E2A3D70014DF67 /* RouteExporter.swift */ = {isa = PBXFileReference; lastKnownFileType = sourcecode.swift; path = RouteExporter.swift; sourceTree = "<group>"; };
		4CECB9EE20E2A3D70014DF67 /* Route.swift */ = {isa = PBXFileReference; lastKnownFileType = sourcecode.swift; path = Route.swift; sourceTree = "<group>"; };
/* End PBXFileReference section */

/* Begin PBXFrameworksBuildPhase section */
		4CAC00FD20E187F300656825 /* Frameworks */ = {
			isa = PBXFrameworksBuildPhase;
			buildActionMask = 2147483647;
			files = (
			);
			runOnlyForDeploymentPostprocessing = 0;
		};
		4CAC010F20E187F800656825 /* Frameworks */ = {
			isa = PBXFrameworksBuildPhase;
			buildActionMask = 2147483647;
			files = (
			);
			runOnlyForDeploymentPostprocessing = 0;
		};
/* End PBXFrameworksBuildPhase section */

/* Begin PBXGroup section */
		4CAC00F720E187F300656825 = {
			isa = PBXGroup;
			children = (
				4CAC010220E187F300656825 /* Draw */,
				4CECB9E720E2A3CE0014DF67 /* TSP */,
				4CECB9DE20E2A2350014DF67 /* Data */,
				4CAC011520E187F800656825 /* DrawTests */,
				4CAC010120E187F300656825 /* Products */,
			);
			sourceTree = "<group>";
		};
		4CAC010120E187F300656825 /* Products */ = {
			isa = PBXGroup;
			children = (
				4CAC010020E187F300656825 /* Draw.app */,
				4CAC011220E187F800656825 /* DrawTests.xctest */,
			);
			name = Products;
			sourceTree = "<group>";
		};
		4CAC010220E187F300656825 /* Draw */ = {
			isa = PBXGroup;
			children = (
				4CAC010320E187F300656825 /* AppDelegate.swift */,
				4CAC010520E187F300656825 /* ViewController.swift */,
				4CAC013120E276F800656825 /* DrawView.swift */,
				4CAC010720E187F800656825 /* Assets.xcassets */,
				4CAC010920E187F800656825 /* Main.storyboard */,
				4CAC010C20E187F800656825 /* Info.plist */,
				4CAC010D20E187F800656825 /* Draw.entitlements */,
			);
			path = Draw;
			sourceTree = "<group>";
		};
		4CAC011520E187F800656825 /* DrawTests */ = {
			isa = PBXGroup;
			children = (
				4CAC011820E187F800656825 /* Info.plist */,
				4CECB9D520E2A17C0014DF67 /* TSPTests.swift */,
			);
			path = DrawTests;
			sourceTree = "<group>";
		};
		4CECB9DE20E2A2350014DF67 /* Data */ = {
			isa = PBXGroup;
			children = (
				4CECB9DF20E2A2480014DF67 /* sweden.txt */,
				4CECB9E520E2A3960014DF67 /* ZimbaweSubset.swift */,
				4CECB9E020E2A2480014DF67 /* Zimbabwe.swift */,
			);
			path = Data;
			sourceTree = "<group>";
		};
		4CECB9E720E2A3CE0014DF67 /* TSP */ = {
			isa = PBXGroup;
			children = (
				4CECB9EE20E2A3D70014DF67 /* Route.swift */,
				4CECB9E920E2A3D60014DF67 /* Opt2.swift */,
				4CECB9ED20E2A3D70014DF67 /* RouteExporter.swift */,
				4CECB9EA20E2A3D60014DF67 /* Point.swift */,
				4CECB9EB20E2A3D70014DF67 /* Line.swift */,
				4CECB9EC20E2A3D70014DF67 /* ReadData.swift */,
				4CECB9E820E2A3D60014DF67 /* Utils.swift */,
			);
			path = TSP;
			sourceTree = "<group>";
		};
/* End PBXGroup section */

/* Begin PBXNativeTarget section */
		4CAC00FF20E187F300656825 /* Draw */ = {
			isa = PBXNativeTarget;
			buildConfigurationList = 4CAC012620E187F800656825 /* Build configuration list for PBXNativeTarget "Draw" */;
			buildPhases = (
				4CAC00FC20E187F300656825 /* Sources */,
				4CAC00FD20E187F300656825 /* Frameworks */,
				4CAC00FE20E187F300656825 /* Resources */,
			);
			buildRules = (
			);
			dependencies = (
			);
			name = Draw;
			productName = Draw;
			productReference = 4CAC010020E187F300656825 /* Draw.app */;
			productType = "com.apple.product-type.application";
		};
		4CAC011120E187F800656825 /* DrawTests */ = {
			isa = PBXNativeTarget;
			buildConfigurationList = 4CAC012920E187F800656825 /* Build configuration list for PBXNativeTarget "DrawTests" */;
			buildPhases = (
				4CAC010E20E187F800656825 /* Sources */,
				4CAC010F20E187F800656825 /* Frameworks */,
				4CAC011020E187F800656825 /* Resources */,
			);
			buildRules = (
			);
			dependencies = (
				4CAC011420E187F800656825 /* PBXTargetDependency */,
			);
			name = DrawTests;
			productName = DrawTests;
			productReference = 4CAC011220E187F800656825 /* DrawTests.xctest */;
			productType = "com.apple.product-type.bundle.unit-test";
		};
/* End PBXNativeTarget section */

/* Begin PBXProject section */
		4CAC00F820E187F300656825 /* Project object */ = {
			isa = PBXProject;
			attributes = {
				LastSwiftUpdateCheck = 1000;
				LastUpgradeCheck = 1000;
				ORGANIZATIONNAME = "Michael Holmgren";
				TargetAttributes = {
					4CAC00FF20E187F300656825 = {
						CreatedOnToolsVersion = 10.0;
					};
					4CAC011120E187F800656825 = {
						CreatedOnToolsVersion = 10.0;
						TestTargetID = 4CAC00FF20E187F300656825;
					};
				};
			};
			buildConfigurationList = 4CAC00FB20E187F300656825 /* Build configuration list for PBXProject "Draw" */;
			compatibilityVersion = "Xcode 9.3";
			developmentRegion = en;
			hasScannedForEncodings = 0;
			knownRegions = (
				en,
				Base,
			);
			mainGroup = 4CAC00F720E187F300656825;
			productRefGroup = 4CAC010120E187F300656825 /* Products */;
			projectDirPath = "";
			projectRoot = "";
			targets = (
				4CAC00FF20E187F300656825 /* Draw */,
				4CAC011120E187F800656825 /* DrawTests */,
			);
		};
/* End PBXProject section */

/* Begin PBXResourcesBuildPhase section */
		4CAC00FE20E187F300656825 /* Resources */ = {
			isa = PBXResourcesBuildPhase;
			buildActionMask = 2147483647;
			files = (
				4CAC010820E187F800656825 /* Assets.xcassets in Resources */,
				4CECB9E120E2A2480014DF67 /* sweden.txt in Resources */,
				4CAC010B20E187F800656825 /* Main.storyboard in Resources */,
			);
			runOnlyForDeploymentPostprocessing = 0;
		};
		4CAC011020E187F800656825 /* Resources */ = {
			isa = PBXResourcesBuildPhase;
			buildActionMask = 2147483647;
			files = (
				4CECB9E420E2A25A0014DF67 /* sweden.txt in Resources */,
			);
			runOnlyForDeploymentPostprocessing = 0;
		};
/* End PBXResourcesBuildPhase section */

/* Begin PBXSourcesBuildPhase section */
		4CAC00FC20E187F300656825 /* Sources */ = {
			isa = PBXSourcesBuildPhase;
			buildActionMask = 2147483647;
			files = (
				4CAC010620E187F300656825 /* ViewController.swift in Sources */,
				4CAC010420E187F300656825 /* AppDelegate.swift in Sources */,
				4CECB9F920E2A4160014DF67 /* Route.swift in Sources */,
				4CECB9F220E2A3FB0014DF67 /* Opt2.swift in Sources */,
				4CECB9F720E2A4130014DF67 /* ReadData.swift in Sources */,
				4CECB9FC20E2A41B0014DF67 /* Utils.swift in Sources */,
				4CECB9E620E2A3960014DF67 /* ZimbaweSubset.swift in Sources */,
				4CAC013220E276F800656825 /* DrawView.swift in Sources */,
				4CECB9F520E2A4110014DF67 /* Point.swift in Sources */,
				4CECB9FA20E2A4180014DF67 /* RouteExporter.swift in Sources */,
				4CECB9F120E2A3F90014DF67 /* Line.swift in Sources */,
				4CECB9E220E2A2480014DF67 /* Zimbabwe.swift in Sources */,
			);
			runOnlyForDeploymentPostprocessing = 0;
		};
		4CAC010E20E187F800656825 /* Sources */ = {
			isa = PBXSourcesBuildPhase;
			buildActionMask = 2147483647;
			files = (
				4CECB9D620E2A17C0014DF67 /* TSPTests.swift in Sources */,
				4CECB9F020E2A3F80014DF67 /* Line.swift in Sources */,
				4CECB9F420E2A4100014DF67 /* Point.swift in Sources */,
				4CECB9EF20E2A3ED0014DF67 /* ZimbaweSubset.swift in Sources */,
				4CECB9F320E2A3FB0014DF67 /* Opt2.swift in Sources */,
				4CECB9FD20E2A41B0014DF67 /* Utils.swift in Sources */,
				4CECB9F820E2A4150014DF67 /* Route.swift in Sources */,
				4CECB9FB20E2A4180014DF67 /* RouteExporter.swift in Sources */,
				4CECB9E320E2A2570014DF67 /* Zimbabwe.swift in Sources */,
				4CECB9F620E2A4130014DF67 /* ReadData.swift in Sources */,
			);
			runOnlyForDeploymentPostprocessing = 0;
		};
/* End PBXSourcesBuildPhase section */

/* Begin PBXTargetDependency section */
		4CAC011420E187F800656825 /* PBXTargetDependency */ = {
			isa = PBXTargetDependency;
			target = 4CAC00FF20E187F300656825 /* Draw */;
			targetProxy = 4CAC011320E187F800656825 /* PBXContainerItemProxy */;
		};
/* End PBXTargetDependency section */

/* Begin PBXVariantGroup section */
		4CAC010920E187F800656825 /* Main.storyboard */ = {
			isa = PBXVariantGroup;
			children = (
				4CAC010A20E187F800656825 /* Base */,
			);
			name = Main.storyboard;
			sourceTree = "<group>";
		};
/* End PBXVariantGroup section */

/* Begin XCBuildConfiguration section */
		4CAC012420E187F800656825 /* Debug */ = {
			isa = XCBuildConfiguration;
			buildSettings = {
				ALWAYS_SEARCH_USER_PATHS = NO;
				CLANG_ANALYZER_NONNULL = YES;
				CLANG_ANALYZER_NUMBER_OBJECT_CONVERSION = YES_AGGRESSIVE;
				CLANG_CXX_LANGUAGE_STANDARD = "gnu++14";
				CLANG_CXX_LIBRARY = "libc++";
				CLANG_ENABLE_MODULES = YES;
				CLANG_ENABLE_OBJC_ARC = YES;
				CLANG_ENABLE_OBJC_WEAK = YES;
				CLANG_WARN_BLOCK_CAPTURE_AUTORELEASING = YES;
				CLANG_WARN_BOOL_CONVERSION = YES;
				CLANG_WARN_COMMA = YES;
				CLANG_WARN_CONSTANT_CONVERSION = YES;
				CLANG_WARN_DEPRECATED_OBJC_IMPLEMENTATIONS = YES;
				CLANG_WARN_DIRECT_OBJC_ISA_USAGE = YES_ERROR;
				CLANG_WARN_DOCUMENTATION_COMMENTS = YES;
				CLANG_WARN_EMPTY_BODY = YES;
				CLANG_WARN_ENUM_CONVERSION = YES;
				CLANG_WARN_INFINITE_RECURSION = YES;
				CLANG_WARN_INT_CONVERSION = YES;
				CLANG_WARN_NON_LITERAL_NULL_CONVERSION = YES;
				CLANG_WARN_OBJC_IMPLICIT_RETAIN_SELF = YES;
				CLANG_WARN_OBJC_LITERAL_CONVERSION = YES;
				CLANG_WARN_OBJC_ROOT_CLASS = YES_ERROR;
				CLANG_WARN_RANGE_LOOP_ANALYSIS = YES;
				CLANG_WARN_STRICT_PROTOTYPES = YES;
				CLANG_WARN_SUSPICIOUS_MOVE = YES;
				CLANG_WARN_UNGUARDED_AVAILABILITY = YES_AGGRESSIVE;
				CLANG_WARN_UNREACHABLE_CODE = YES;
				CLANG_WARN__DUPLICATE_METHOD_MATCH = YES;
				CODE_SIGN_IDENTITY = "-";
				COPY_PHASE_STRIP = NO;
				DEBUG_INFORMATION_FORMAT = dwarf;
				ENABLE_STRICT_OBJC_MSGSEND = YES;
				ENABLE_TESTABILITY = YES;
				GCC_C_LANGUAGE_STANDARD = gnu11;
				GCC_DYNAMIC_NO_PIC = NO;
				GCC_NO_COMMON_BLOCKS = YES;
				GCC_OPTIMIZATION_LEVEL = 0;
				GCC_PREPROCESSOR_DEFINITIONS = (
					"DEBUG=1",
					"$(inherited)",
				);
				GCC_WARN_64_TO_32_BIT_CONVERSION = YES;
				GCC_WARN_ABOUT_RETURN_TYPE = YES_ERROR;
				GCC_WARN_UNDECLARED_SELECTOR = YES;
				GCC_WARN_UNINITIALIZED_AUTOS = YES_AGGRESSIVE;
				GCC_WARN_UNUSED_FUNCTION = YES;
				GCC_WARN_UNUSED_VARIABLE = YES;
				MACOSX_DEPLOYMENT_TARGET = 10.13;
				MTL_ENABLE_DEBUG_INFO = INCLUDE_SOURCE;
				ONLY_ACTIVE_ARCH = YES;
				SDKROOT = macosx;
				SWIFT_ACTIVE_COMPILATION_CONDITIONS = DEBUG;
				SWIFT_COMPILATION_MODE = wholemodule;
				SWIFT_OPTIMIZATION_LEVEL = "-O";
			};
			name = Debug;
		};
		4CAC012520E187F800656825 /* Release */ = {
			isa = XCBuildConfiguration;
			buildSettings = {
				ALWAYS_SEARCH_USER_PATHS = NO;
				CLANG_ANALYZER_NONNULL = YES;
				CLANG_ANALYZER_NUMBER_OBJECT_CONVERSION = YES_AGGRESSIVE;
				CLANG_CXX_LANGUAGE_STANDARD = "gnu++14";
				CLANG_CXX_LIBRARY = "libc++";
				CLANG_ENABLE_MODULES = YES;
				CLANG_ENABLE_OBJC_ARC = YES;
				CLANG_ENABLE_OBJC_WEAK = YES;
				CLANG_WARN_BLOCK_CAPTURE_AUTORELEASING = YES;
				CLANG_WARN_BOOL_CONVERSION = YES;
				CLANG_WARN_COMMA = YES;
				CLANG_WARN_CONSTANT_CONVERSION = YES;
				CLANG_WARN_DEPRECATED_OBJC_IMPLEMENTATIONS = YES;
				CLANG_WARN_DIRECT_OBJC_ISA_USAGE = YES_ERROR;
				CLANG_WARN_DOCUMENTATION_COMMENTS = YES;
				CLANG_WARN_EMPTY_BODY = YES;
				CLANG_WARN_ENUM_CONVERSION = YES;
				CLANG_WARN_INFINITE_RECURSION = YES;
				CLANG_WARN_INT_CONVERSION = YES;
				CLANG_WARN_NON_LITERAL_NULL_CONVERSION = YES;
				CLANG_WARN_OBJC_IMPLICIT_RETAIN_SELF = YES;
				CLANG_WARN_OBJC_LITERAL_CONVERSION = YES;
				CLANG_WARN_OBJC_ROOT_CLASS = YES_ERROR;
				CLANG_WARN_RANGE_LOOP_ANALYSIS = YES;
				CLANG_WARN_STRICT_PROTOTYPES = YES;
				CLANG_WARN_SUSPICIOUS_MOVE = YES;
				CLANG_WARN_UNGUARDED_AVAILABILITY = YES_AGGRESSIVE;
				CLANG_WARN_UNREACHABLE_CODE = YES;
				CLANG_WARN__DUPLICATE_METHOD_MATCH = YES;
				CODE_SIGN_IDENTITY = "-";
				COPY_PHASE_STRIP = NO;
				DEBUG_INFORMATION_FORMAT = "dwarf-with-dsym";
				ENABLE_NS_ASSERTIONS = NO;
				ENABLE_STRICT_OBJC_MSGSEND = YES;
				GCC_C_LANGUAGE_STANDARD = gnu11;
				GCC_NO_COMMON_BLOCKS = YES;
				GCC_WARN_64_TO_32_BIT_CONVERSION = YES;
				GCC_WARN_ABOUT_RETURN_TYPE = YES_ERROR;
				GCC_WARN_UNDECLARED_SELECTOR = YES;
				GCC_WARN_UNINITIALIZED_AUTOS = YES_AGGRESSIVE;
				GCC_WARN_UNUSED_FUNCTION = YES;
				GCC_WARN_UNUSED_VARIABLE = YES;
				MACOSX_DEPLOYMENT_TARGET = 10.13;
				MTL_ENABLE_DEBUG_INFO = NO;
				SDKROOT = macosx;
				SWIFT_COMPILATION_MODE = wholemodule;
				SWIFT_OPTIMIZATION_LEVEL = "-O";
			};
			name = Release;
		};
		4CAC012720E187F800656825 /* Debug */ = {
			isa = XCBuildConfiguration;
			buildSettings = {
				ASSETCATALOG_COMPILER_APPICON_NAME = AppIcon;
				CODE_SIGN_ENTITLEMENTS = Draw/Draw.entitlements;
				CODE_SIGN_STYLE = Automatic;
				COMBINE_HIDPI_IMAGES = YES;
				INFOPLIST_FILE = Draw/Info.plist;
				LD_RUNPATH_SEARCH_PATHS = (
					"$(inherited)",
					"@executable_path/../Frameworks",
				);
				PRODUCT_BUNDLE_IDENTIFIER = MH.Draw;
				PRODUCT_NAME = "$(TARGET_NAME)";
				SWIFT_VERSION = 4.2;
			};
			name = Debug;
		};
		4CAC012820E187F800656825 /* Release */ = {
			isa = XCBuildConfiguration;
			buildSettings = {
				ASSETCATALOG_COMPILER_APPICON_NAME = AppIcon;
				CODE_SIGN_ENTITLEMENTS = Draw/Draw.entitlements;
				CODE_SIGN_STYLE = Automatic;
				COMBINE_HIDPI_IMAGES = YES;
				INFOPLIST_FILE = Draw/Info.plist;
				LD_RUNPATH_SEARCH_PATHS = (
					"$(inherited)",
					"@executable_path/../Frameworks",
				);
				PRODUCT_BUNDLE_IDENTIFIER = MH.Draw;
				PRODUCT_NAME = "$(TARGET_NAME)";
				SWIFT_VERSION = 4.2;
			};
			name = Release;
		};
		4CAC012A20E187F800656825 /* Debug */ = {
			isa = XCBuildConfiguration;
			buildSettings = {
				ALWAYS_EMBED_SWIFT_STANDARD_LIBRARIES = YES;
				BUNDLE_LOADER = "$(TEST_HOST)";
				CODE_SIGN_STYLE = Automatic;
				COMBINE_HIDPI_IMAGES = YES;
				INFOPLIST_FILE = DrawTests/Info.plist;
				LD_RUNPATH_SEARCH_PATHS = (
					"$(inherited)",
					"@executable_path/../Frameworks",
					"@loader_path/../Frameworks",
				);
				PRODUCT_BUNDLE_IDENTIFIER = MH.DrawTests;
				PRODUCT_NAME = "$(TARGET_NAME)";
				SWIFT_VERSION = 4.2;
				TEST_HOST = "$(BUILT_PRODUCTS_DIR)/Draw.app/Contents/MacOS/Draw";
			};
			name = Debug;
		};
		4CAC012B20E187F800656825 /* Release */ = {
			isa = XCBuildConfiguration;
			buildSettings = {
				ALWAYS_EMBED_SWIFT_STANDARD_LIBRARIES = YES;
				BUNDLE_LOADER = "$(TEST_HOST)";
				CODE_SIGN_STYLE = Automatic;
				COMBINE_HIDPI_IMAGES = YES;
				INFOPLIST_FILE = DrawTests/Info.plist;
				LD_RUNPATH_SEARCH_PATHS = (
					"$(inherited)",
					"@executable_path/../Frameworks",
					"@loader_path/../Frameworks",
				);
				PRODUCT_BUNDLE_IDENTIFIER = MH.DrawTests;
				PRODUCT_NAME = "$(TARGET_NAME)";
				SWIFT_VERSION = 4.2;
				TEST_HOST = "$(BUILT_PRODUCTS_DIR)/Draw.app/Contents/MacOS/Draw";
			};
			name = Release;
		};
/* End XCBuildConfiguration section */

/* Begin XCConfigurationList section */
		4CAC00FB20E187F300656825 /* Build configuration list for PBXProject "Draw" */ = {
			isa = XCConfigurationList;
			buildConfigurations = (
				4CAC012420E187F800656825 /* Debug */,
				4CAC012520E187F800656825 /* Release */,
			);
			defaultConfigurationIsVisible = 0;
			defaultConfigurationName = Release;
		};
		4CAC012620E187F800656825 /* Build configuration list for PBXNativeTarget "Draw" */ = {
			isa = XCConfigurationList;
			buildConfigurations = (
				4CAC012720E187F800656825 /* Debug */,
				4CAC012820E187F800656825 /* Release */,
			);
			defaultConfigurationIsVisible = 0;
			defaultConfigurationName = Release;
		};
		4CAC012920E187F800656825 /* Build configuration list for PBXNativeTarget "DrawTests" */ = {
			isa = XCConfigurationList;
			buildConfigurations = (
				4CAC012A20E187F800656825 /* Debug */,
				4CAC012B20E187F800656825 /* Release */,
			);
			defaultConfigurationIsVisible = 0;
			defaultConfigurationName = Release;
		};
/* End XCConfigurationList section */
	};
	rootObject = 4CAC00F820E187F300656825 /* Project object */;
}
